// !$*UTF8*$!
{
	archiveVersion = 1;
	classes = {
	};
	objectVersion = 50;
	objects = {

/* Begin PBXBuildFile section */
		11343A5723974FA00005BF17 /* AppDelegate.swift in Sources */ = {isa = PBXBuildFile; fileRef = 11343A5623974FA00005BF17 /* AppDelegate.swift */; };
		11343A5923974FA00005BF17 /* SceneDelegate.swift in Sources */ = {isa = PBXBuildFile; fileRef = 11343A5823974FA00005BF17 /* SceneDelegate.swift */; };
		11343A5B23974FA00005BF17 /* ViewController.swift in Sources */ = {isa = PBXBuildFile; fileRef = 11343A5A23974FA00005BF17 /* ViewController.swift */; };
		11343A5E23974FA00005BF17 /* Main.storyboard in Resources */ = {isa = PBXBuildFile; fileRef = 11343A5C23974FA00005BF17 /* Main.storyboard */; };
		11343A6023974FA20005BF17 /* Assets.xcassets in Resources */ = {isa = PBXBuildFile; fileRef = 11343A5F23974FA20005BF17 /* Assets.xcassets */; };
		11343A6323974FA20005BF17 /* LaunchScreen.storyboard in Resources */ = {isa = PBXBuildFile; fileRef = 11343A6123974FA20005BF17 /* LaunchScreen.storyboard */; };
		11343A6E23974FA20005BF17 /* calculatorTests.swift in Sources */ = {isa = PBXBuildFile; fileRef = 11343A6D23974FA20005BF17 /* calculatorTests.swift */; };
		11343A7923974FA20005BF17 /* calculatorUITests.swift in Sources */ = {isa = PBXBuildFile; fileRef = 11343A7823974FA20005BF17 /* calculatorUITests.swift */; };
/* End PBXBuildFile section */

/* Begin PBXContainerItemProxy section */
		11343A6A23974FA20005BF17 /* PBXContainerItemProxy */ = {
			isa = PBXContainerItemProxy;
			containerPortal = 11343A4B23974FA00005BF17 /* Project object */;
			proxyType = 1;
			remoteGlobalIDString = 11343A5223974FA00005BF17;
			remoteInfo = calculator;
		};
		11343A7523974FA20005BF17 /* PBXContainerItemProxy */ = {
			isa = PBXContainerItemProxy;
			containerPortal = 11343A4B23974FA00005BF17 /* Project object */;
			proxyType = 1;
			remoteGlobalIDString = 11343A5223974FA00005BF17;
			remoteInfo = calculator;
		};
/* End PBXContainerItemProxy section */

/* Begin PBXFileReference section */
		11343A5323974FA00005BF17 /* calculator.app */ = {isa = PBXFileReference; explicitFileType = wrapper.application; includeInIndex = 0; path = calculator.app; sourceTree = BUILT_PRODUCTS_DIR; };
		11343A5623974FA00005BF17 /* AppDelegate.swift */ = {isa = PBXFileReference; lastKnownFileType = sourcecode.swift; path = AppDelegate.swift; sourceTree = "<group>"; };
		11343A5823974FA00005BF17 /* SceneDelegate.swift */ = {isa = PBXFileReference; lastKnownFileType = sourcecode.swift; path = SceneDelegate.swift; sourceTree = "<group>"; };
		11343A5A23974FA00005BF17 /* ViewController.swift */ = {isa = PBXFileReference; lastKnownFileType = sourcecode.swift; path = ViewController.swift; sourceTree = "<group>"; };
		11343A5D23974FA00005BF17 /* Base */ = {isa = PBXFileReference; lastKnownFileType = file.storyboard; name = Base; path = Base.lproj/Main.storyboard; sourceTree = "<group>"; };
		11343A5F23974FA20005BF17 /* Assets.xcassets */ = {isa = PBXFileReference; lastKnownFileType = folder.assetcatalog; path = Assets.xcassets; sourceTree = "<group>"; };
		11343A6223974FA20005BF17 /* Base */ = {isa = PBXFileReference; lastKnownFileType = file.storyboard; name = Base; path = Base.lproj/LaunchScreen.storyboard; sourceTree = "<group>"; };
		11343A6423974FA20005BF17 /* Info.plist */ = {isa = PBXFileReference; lastKnownFileType = text.plist.xml; path = Info.plist; sourceTree = "<group>"; };
		11343A6923974FA20005BF17 /* calculatorTests.xctest */ = {isa = PBXFileReference; explicitFileType = wrapper.cfbundle; includeInIndex = 0; path = calculatorTests.xctest; sourceTree = BUILT_PRODUCTS_DIR; };
		11343A6D23974FA20005BF17 /* calculatorTests.swift */ = {isa = PBXFileReference; lastKnownFileType = sourcecode.swift; path = calculatorTests.swift; sourceTree = "<group>"; };
		11343A6F23974FA20005BF17 /* Info.plist */ = {isa = PBXFileReference; lastKnownFileType = text.plist.xml; path = Info.plist; sourceTree = "<group>"; };
		11343A7423974FA20005BF17 /* calculatorUITests.xctest */ = {isa = PBXFileReference; explicitFileType = wrapper.cfbundle; includeInIndex = 0; path = calculatorUITests.xctest; sourceTree = BUILT_PRODUCTS_DIR; };
		11343A7823974FA20005BF17 /* calculatorUITests.swift */ = {isa = PBXFileReference; lastKnownFileType = sourcecode.swift; path = calculatorUITests.swift; sourceTree = "<group>"; };
		11343A7A23974FA20005BF17 /* Info.plist */ = {isa = PBXFileReference; lastKnownFileType = text.plist.xml; path = Info.plist; sourceTree = "<group>"; };
/* End PBXFileReference section */

/* Begin PBXFrameworksBuildPhase section */
		11343A5023974FA00005BF17 /* Frameworks */ = {
			isa = PBXFrameworksBuildPhase;
			buildActionMask = 2147483647;
			files = (
			);
			runOnlyForDeploymentPostprocessing = 0;
		};
		11343A6623974FA20005BF17 /* Frameworks */ = {
			isa = PBXFrameworksBuildPhase;
			buildActionMask = 2147483647;
			files = (
			);
			runOnlyForDeploymentPostprocessing = 0;
		};
		11343A7123974FA20005BF17 /* Frameworks */ = {
			isa = PBXFrameworksBuildPhase;
			buildActionMask = 2147483647;
			files = (
			);
			runOnlyForDeploymentPostprocessing = 0;
		};
/* End PBXFrameworksBuildPhase section */

/* Begin PBXGroup section */
		11343A4A23974FA00005BF17 = {
			isa = PBXGroup;
			children = (
				11343A5523974FA00005BF17 /* calculator */,
				11343A6C23974FA20005BF17 /* calculatorTests */,
				11343A7723974FA20005BF17 /* calculatorUITests */,
				11343A5423974FA00005BF17 /* Products */,
			);
			sourceTree = "<group>";
		};
		11343A5423974FA00005BF17 /* Products */ = {
			isa = PBXGroup;
			children = (
				11343A5323974FA00005BF17 /* calculator.app */,
				11343A6923974FA20005BF17 /* calculatorTests.xctest */,
				11343A7423974FA20005BF17 /* calculatorUITests.xctest */,
			);
			name = Products;
			sourceTree = "<group>";
		};
		11343A5523974FA00005BF17 /* calculator */ = {
			isa = PBXGroup;
			children = (
				11343A5623974FA00005BF17 /* AppDelegate.swift */,
				11343A5823974FA00005BF17 /* SceneDelegate.swift */,
				11343A5A23974FA00005BF17 /* ViewController.swift */,
				11343A5C23974FA00005BF17 /* Main.storyboard */,
				11343A5F23974FA20005BF17 /* Assets.xcassets */,
				11343A6123974FA20005BF17 /* LaunchScreen.storyboard */,
				11343A6423974FA20005BF17 /* Info.plist */,
			);
			path = calculator;
			sourceTree = "<group>";
		};
		11343A6C23974FA20005BF17 /* calculatorTests */ = {
			isa = PBXGroup;
			children = (
				11343A6D23974FA20005BF17 /* calculatorTests.swift */,
				11343A6F23974FA20005BF17 /* Info.plist */,
			);
			path = calculatorTests;
			sourceTree = "<group>";
		};
		11343A7723974FA20005BF17 /* calculatorUITests */ = {
			isa = PBXGroup;
			children = (
				11343A7823974FA20005BF17 /* calculatorUITests.swift */,
				11343A7A23974FA20005BF17 /* Info.plist */,
			);
			path = calculatorUITests;
			sourceTree = "<group>";
		};
/* End PBXGroup section */

/* Begin PBXNativeTarget section */
		11343A5223974FA00005BF17 /* calculator */ = {
			isa = PBXNativeTarget;
			buildConfigurationList = 11343A7D23974FA20005BF17 /* Build configuration list for PBXNativeTarget "calculator" */;
			buildPhases = (
				11343A4F23974FA00005BF17 /* Sources */,
				11343A5023974FA00005BF17 /* Frameworks */,
				11343A5123974FA00005BF17 /* Resources */,
			);
			buildRules = (
			);
			dependencies = (
			);
			name = calculator;
			productName = calculator;
			productReference = 11343A5323974FA00005BF17 /* calculator.app */;
			productType = "com.apple.product-type.application";
		};
		11343A6823974FA20005BF17 /* calculatorTests */ = {
			isa = PBXNativeTarget;
			buildConfigurationList = 11343A8023974FA20005BF17 /* Build configuration list for PBXNativeTarget "calculatorTests" */;
			buildPhases = (
				11343A6523974FA20005BF17 /* Sources */,
				11343A6623974FA20005BF17 /* Frameworks */,
				11343A6723974FA20005BF17 /* Resources */,
			);
			buildRules = (
			);
			dependencies = (
				11343A6B23974FA20005BF17 /* PBXTargetDependency */,
			);
			name = calculatorTests;
			productName = calculatorTests;
			productReference = 11343A6923974FA20005BF17 /* calculatorTests.xctest */;
			productType = "com.apple.product-type.bundle.unit-test";
		};
		11343A7323974FA20005BF17 /* calculatorUITests */ = {
			isa = PBXNativeTarget;
			buildConfigurationList = 11343A8323974FA20005BF17 /* Build configuration list for PBXNativeTarget "calculatorUITests" */;
			buildPhases = (
				11343A7023974FA20005BF17 /* Sources */,
				11343A7123974FA20005BF17 /* Frameworks */,
				11343A7223974FA20005BF17 /* Resources */,
			);
			buildRules = (
			);
			dependencies = (
				11343A7623974FA20005BF17 /* PBXTargetDependency */,
			);
			name = calculatorUITests;
			productName = calculatorUITests;
			productReference = 11343A7423974FA20005BF17 /* calculatorUITests.xctest */;
			productType = "com.apple.product-type.bundle.ui-testing";
		};
/* End PBXNativeTarget section */

/* Begin PBXProject section */
		11343A4B23974FA00005BF17 /* Project object */ = {
			isa = PBXProject;
			attributes = {
				LastSwiftUpdateCheck = 1110;
				LastUpgradeCheck = 1110;
				ORGANIZATIONNAME = Lennart;
				TargetAttributes = {
					11343A5223974FA00005BF17 = {
						CreatedOnToolsVersion = 11.1;
					};
					11343A6823974FA20005BF17 = {
						CreatedOnToolsVersion = 11.1;
						TestTargetID = 11343A5223974FA00005BF17;
					};
					11343A7323974FA20005BF17 = {
						CreatedOnToolsVersion = 11.1;
						TestTargetID = 11343A5223974FA00005BF17;
					};
				};
			};
			buildConfigurationList = 11343A4E23974FA00005BF17 /* Build configuration list for PBXProject "calculator" */;
			compatibilityVersion = "Xcode 9.3";
			developmentRegion = en;
			hasScannedForEncodings = 0;
			knownRegions = (
				en,
				Base,
			);
			mainGroup = 11343A4A23974FA00005BF17;
			productRefGroup = 11343A5423974FA00005BF17 /* Products */;
			projectDirPath = "";
			projectRoot = "";
			targets = (
				11343A5223974FA00005BF17 /* calculator */,
				11343A6823974FA20005BF17 /* calculatorTests */,
				11343A7323974FA20005BF17 /* calculatorUITests */,
			);
		};
/* End PBXProject section */

/* Begin PBXResourcesBuildPhase section */
		11343A5123974FA00005BF17 /* Resources */ = {
			isa = PBXResourcesBuildPhase;
			buildActionMask = 2147483647;
			files = (
				11343A6323974FA20005BF17 /* LaunchScreen.storyboard in Resources */,
				11343A6023974FA20005BF17 /* Assets.xcassets in Resources */,
				11343A5E23974FA00005BF17 /* Main.storyboard in Resources */,
			);
			runOnlyForDeploymentPostprocessing = 0;
		};
		11343A6723974FA20005BF17 /* Resources */ = {
			isa = PBXResourcesBuildPhase;
			buildActionMask = 2147483647;
			files = (
			);
			runOnlyForDeploymentPostprocessing = 0;
		};
		11343A7223974FA20005BF17 /* Resources */ = {
			isa = PBXResourcesBuildPhase;
			buildActionMask = 2147483647;
			files = (
			);
			runOnlyForDeploymentPostprocessing = 0;
		};
/* End PBXResourcesBuildPhase section */

/* Begin PBXSourcesBuildPhase section */
		11343A4F23974FA00005BF17 /* Sources */ = {
			isa = PBXSourcesBuildPhase;
			buildActionMask = 2147483647;
			files = (
				11343A5B23974FA00005BF17 /* ViewController.swift in Sources */,
				11343A5723974FA00005BF17 /* AppDelegate.swift in Sources */,
				11343A5923974FA00005BF17 /* SceneDelegate.swift in Sources */,
			);
			runOnlyForDeploymentPostprocessing = 0;
		};
		11343A6523974FA20005BF17 /* Sources */ = {
			isa = PBXSourcesBuildPhase;
			buildActionMask = 2147483647;
			files = (
				11343A6E23974FA20005BF17 /* calculatorTests.swift in Sources */,
			);
			runOnlyForDeploymentPostprocessing = 0;
		};
		11343A7023974FA20005BF17 /* Sources */ = {
			isa = PBXSourcesBuildPhase;
			buildActionMask = 2147483647;
			files = (
				11343A7923974FA20005BF17 /* calculatorUITests.swift in Sources */,
			);
			runOnlyForDeploymentPostprocessing = 0;
		};
/* End PBXSourcesBuildPhase section */

/* Begin PBXTargetDependency section */
		11343A6B23974FA20005BF17 /* PBXTargetDependency */ = {
			isa = PBXTargetDependency;
			target = 11343A5223974FA00005BF17 /* calculator */;
			targetProxy = 11343A6A23974FA20005BF17 /* PBXContainerItemProxy */;
		};
		11343A7623974FA20005BF17 /* PBXTargetDependency */ = {
			isa = PBXTargetDependency;
			target = 11343A5223974FA00005BF17 /* calculator */;
			targetProxy = 11343A7523974FA20005BF17 /* PBXContainerItemProxy */;
		};
/* End PBXTargetDependency section */

/* Begin PBXVariantGroup section */
		11343A5C23974FA00005BF17 /* Main.storyboard */ = {
			isa = PBXVariantGroup;
			children = (
				11343A5D23974FA00005BF17 /* Base */,
			);
			name = Main.storyboard;
			sourceTree = "<group>";
		};
		11343A6123974FA20005BF17 /* LaunchScreen.storyboard */ = {
			isa = PBXVariantGroup;
			children = (
				11343A6223974FA20005BF17 /* Base */,
			);
			name = LaunchScreen.storyboard;
			sourceTree = "<group>";
		};
/* End PBXVariantGroup section */

/* Begin XCBuildConfiguration section */
		11343A7B23974FA20005BF17 /* Debug */ = {
			isa = XCBuildConfiguration;
			buildSettings = {
				ALWAYS_SEARCH_USER_PATHS = NO;
				CLANG_ANALYZER_NONNULL = YES;
				CLANG_ANALYZER_NUMBER_OBJECT_CONVERSION = YES_AGGRESSIVE;
				CLANG_CXX_LANGUAGE_STANDARD = "gnu++14";
				CLANG_CXX_LIBRARY = "libc++";
				CLANG_ENABLE_MODULES = YES;
				CLANG_ENABLE_OBJC_ARC = YES;
				CLANG_ENABLE_OBJC_WEAK = YES;
				CLANG_WARN_BLOCK_CAPTURE_AUTORELEASING = YES;
				CLANG_WARN_BOOL_CONVERSION = YES;
				CLANG_WARN_COMMA = YES;
				CLANG_WARN_CONSTANT_CONVERSION = YES;
				CLANG_WARN_DEPRECATED_OBJC_IMPLEMENTATIONS = YES;
				CLANG_WARN_DIRECT_OBJC_ISA_USAGE = YES_ERROR;
				CLANG_WARN_DOCUMENTATION_COMMENTS = YES;
				CLANG_WARN_EMPTY_BODY = YES;
				CLANG_WARN_ENUM_CONVERSION = YES;
				CLANG_WARN_INFINITE_RECURSION = YES;
				CLANG_WARN_INT_CONVERSION = YES;
				CLANG_WARN_NON_LITERAL_NULL_CONVERSION = YES;
				CLANG_WARN_OBJC_IMPLICIT_RETAIN_SELF = YES;
				CLANG_WARN_OBJC_LITERAL_CONVERSION = YES;
				CLANG_WARN_OBJC_ROOT_CLASS = YES_ERROR;
				CLANG_WARN_RANGE_LOOP_ANALYSIS = YES;
				CLANG_WARN_STRICT_PROTOTYPES = YES;
				CLANG_WARN_SUSPICIOUS_MOVE = YES;
				CLANG_WARN_UNGUARDED_AVAILABILITY = YES_AGGRESSIVE;
				CLANG_WARN_UNREACHABLE_CODE = YES;
				CLANG_WARN__DUPLICATE_METHOD_MATCH = YES;
				COPY_PHASE_STRIP = NO;
				DEBUG_INFORMATION_FORMAT = dwarf;
				ENABLE_STRICT_OBJC_MSGSEND = YES;
				ENABLE_TESTABILITY = YES;
				GCC_C_LANGUAGE_STANDARD = gnu11;
				GCC_DYNAMIC_NO_PIC = NO;
				GCC_NO_COMMON_BLOCKS = YES;
				GCC_OPTIMIZATION_LEVEL = 0;
				GCC_PREPROCESSOR_DEFINITIONS = (
					"DEBUG=1",
					"$(inherited)",
				);
				GCC_WARN_64_TO_32_BIT_CONVERSION = YES;
				GCC_WARN_ABOUT_RETURN_TYPE = YES_ERROR;
				GCC_WARN_UNDECLARED_SELECTOR = YES;
				GCC_WARN_UNINITIALIZED_AUTOS = YES_AGGRESSIVE;
				GCC_WARN_UNUSED_FUNCTION = YES;
				GCC_WARN_UNUSED_VARIABLE = YES;
				IPHONEOS_DEPLOYMENT_TARGET = 13.1;
				MTL_ENABLE_DEBUG_INFO = INCLUDE_SOURCE;
				MTL_FAST_MATH = YES;
				ONLY_ACTIVE_ARCH = YES;
				SDKROOT = iphoneos;
				SWIFT_ACTIVE_COMPILATION_CONDITIONS = DEBUG;
				SWIFT_OPTIMIZATION_LEVEL = "-Onone";
			};
			name = Debug;
		};
		11343A7C23974FA20005BF17 /* Release */ = {
			isa = XCBuildConfiguration;
			buildSettings = {
				ALWAYS_SEARCH_USER_PATHS = NO;
				CLANG_ANALYZER_NONNULL = YES;
				CLANG_ANALYZER_NUMBER_OBJECT_CONVERSION = YES_AGGRESSIVE;
				CLANG_CXX_LANGUAGE_STANDARD = "gnu++14";
				CLANG_CXX_LIBRARY = "libc++";
				CLANG_ENABLE_MODULES = YES;
				CLANG_ENABLE_OBJC_ARC = YES;
				CLANG_ENABLE_OBJC_WEAK = YES;
				CLANG_WARN_BLOCK_CAPTURE_AUTORELEASING = YES;
				CLANG_WARN_BOOL_CONVERSION = YES;
				CLANG_WARN_COMMA = YES;
				CLANG_WARN_CONSTANT_CONVERSION = YES;
				CLANG_WARN_DEPRECATED_OBJC_IMPLEMENTATIONS = YES;
				CLANG_WARN_DIRECT_OBJC_ISA_USAGE = YES_ERROR;
				CLANG_WARN_DOCUMENTATION_COMMENTS = YES;
				CLANG_WARN_EMPTY_BODY = YES;
				CLANG_WARN_ENUM_CONVERSION = YES;
				CLANG_WARN_INFINITE_RECURSION = YES;
				CLANG_WARN_INT_CONVERSION = YES;
				CLANG_WARN_NON_LITERAL_NULL_CONVERSION = YES;
				CLANG_WARN_OBJC_IMPLICIT_RETAIN_SELF = YES;
				CLANG_WARN_OBJC_LITERAL_CONVERSION = YES;
				CLANG_WARN_OBJC_ROOT_CLASS = YES_ERROR;
				CLANG_WARN_RANGE_LOOP_ANALYSIS = YES;
				CLANG_WARN_STRICT_PROTOTYPES = YES;
				CLANG_WARN_SUSPICIOUS_MOVE = YES;
				CLANG_WARN_UNGUARDED_AVAILABILITY = YES_AGGRESSIVE;
				CLANG_WARN_UNREACHABLE_CODE = YES;
				CLANG_WARN__DUPLICATE_METHOD_MATCH = YES;
				COPY_PHASE_STRIP = NO;
				DEBUG_INFORMATION_FORMAT = "dwarf-with-dsym";
				ENABLE_NS_ASSERTIONS = NO;
				ENABLE_STRICT_OBJC_MSGSEND = YES;
				GCC_C_LANGUAGE_STANDARD = gnu11;
				GCC_NO_COMMON_BLOCKS = YES;
				GCC_WARN_64_TO_32_BIT_CONVERSION = YES;
				GCC_WARN_ABOUT_RETURN_TYPE = YES_ERROR;
				GCC_WARN_UNDECLARED_SELECTOR = YES;
				GCC_WARN_UNINITIALIZED_AUTOS = YES_AGGRESSIVE;
				GCC_WARN_UNUSED_FUNCTION = YES;
				GCC_WARN_UNUSED_VARIABLE = YES;
				IPHONEOS_DEPLOYMENT_TARGET = 13.1;
				MTL_ENABLE_DEBUG_INFO = NO;
				MTL_FAST_MATH = YES;
				SDKROOT = iphoneos;
				SWIFT_COMPILATION_MODE = wholemodule;
				SWIFT_OPTIMIZATION_LEVEL = "-O";
				VALIDATE_PRODUCT = YES;
			};
			name = Release;
		};
		11343A7E23974FA20005BF17 /* Debug */ = {
			isa = XCBuildConfiguration;
			buildSettings = {
				ASSETCATALOG_COMPILER_APPICON_NAME = AppIcon;
				CODE_SIGN_STYLE = Automatic;
				INFOPLIST_FILE = calculator/Info.plist;
				LD_RUNPATH_SEARCH_PATHS = (
					"$(inherited)",
					"@executable_path/Frameworks",
				);
				PRODUCT_BUNDLE_IDENTIFIER = Lennart.calculator;
				PRODUCT_NAME = "$(TARGET_NAME)";
				SWIFT_VERSION = 5.0;
				TARGETED_DEVICE_FAMILY = "1,2";
			};
			name = Debug;
		};
		11343A7F23974FA20005BF17 /* Release */ = {
			isa = XCBuildConfiguration;
			buildSettings = {
				ASSETCATALOG_COMPILER_APPICON_NAME = AppIcon;
				CODE_SIGN_STYLE = Automatic;
				INFOPLIST_FILE = calculator/Info.plist;
				LD_RUNPATH_SEARCH_PATHS = (
					"$(inherited)",
					"@executable_path/Frameworks",
				);
				PRODUCT_BUNDLE_IDENTIFIER = Lennart.calculator;
				PRODUCT_NAME = "$(TARGET_NAME)";
				SWIFT_VERSION = 5.0;
				TARGETED_DEVICE_FAMILY = "1,2";
			};
			name = Release;
		};
		11343A8123974FA20005BF17 /* Debug */ = {
			isa = XCBuildConfiguration;
			buildSettings = {
				ALWAYS_EMBED_SWIFT_STANDARD_LIBRARIES = YES;
				BUNDLE_LOADER = "$(TEST_HOST)";
				CODE_SIGN_STYLE = Automatic;
				INFOPLIST_FILE = calculatorTests/Info.plist;
				IPHONEOS_DEPLOYMENT_TARGET = 13.1;
				LD_RUNPATH_SEARCH_PATHS = (
					"$(inherited)",
					"@executable_path/Frameworks",
					"@loader_path/Frameworks",
				);
				PRODUCT_BUNDLE_IDENTIFIER = Lennart.calculatorTests;
				PRODUCT_NAME = "$(TARGET_NAME)";
				SWIFT_VERSION = 5.0;
				TARGETED_DEVICE_FAMILY = "1,2";
				TEST_HOST = "$(BUILT_PRODUCTS_DIR)/calculator.app/calculator";
			};
			name = Debug;
		};
		11343A8223974FA20005BF17 /* Release */ = {
			isa = XCBuildConfiguration;
			buildSettings = {
				ALWAYS_EMBED_SWIFT_STANDARD_LIBRARIES = YES;
				BUNDLE_LOADER = "$(TEST_HOST)";
				CODE_SIGN_STYLE = Automatic;
				INFOPLIST_FILE = calculatorTests/Info.plist;
				IPHONEOS_DEPLOYMENT_TARGET = 13.1;
				LD_RUNPATH_SEARCH_PATHS = (
					"$(inherited)",
					"@executable_path/Frameworks",
					"@loader_path/Frameworks",
				);
				PRODUCT_BUNDLE_IDENTIFIER = Lennart.calculatorTests;
				PRODUCT_NAME = "$(TARGET_NAME)";
				SWIFT_VERSION = 5.0;
				TARGETED_DEVICE_FAMILY = "1,2";
				TEST_HOST = "$(BUILT_PRODUCTS_DIR)/calculator.app/calculator";
			};
			name = Release;
		};
		11343A8423974FA20005BF17 /* Debug */ = {
			isa = XCBuildConfiguration;
			buildSettings = {
				ALWAYS_EMBED_SWIFT_STANDARD_LIBRARIES = YES;
				CODE_SIGN_STYLE = Automatic;
				INFOPLIST_FILE = calculatorUITests/Info.plist;
				LD_RUNPATH_SEARCH_PATHS = (
					"$(inherited)",
					"@executable_path/Frameworks",
					"@loader_path/Frameworks",
				);
				PRODUCT_BUNDLE_IDENTIFIER = Lennart.calculatorUITests;
				PRODUCT_NAME = "$(TARGET_NAME)";
				SWIFT_VERSION = 5.0;
				TARGETED_DEVICE_FAMILY = "1,2";
				TEST_TARGET_NAME = calculator;
			};
			name = Debug;
		};
		11343A8523974FA20005BF17 /* Release */ = {
			isa = XCBuildConfiguration;
			buildSettings = {
				ALWAYS_EMBED_SWIFT_STANDARD_LIBRARIES = YES;
				CODE_SIGN_STYLE = Automatic;
				INFOPLIST_FILE = calculatorUITests/Info.plist;
				LD_RUNPATH_SEARCH_PATHS = (
					"$(inherited)",
					"@executable_path/Frameworks",
					"@loader_path/Frameworks",
				);
				PRODUCT_BUNDLE_IDENTIFIER = Lennart.calculatorUITests;
				PRODUCT_NAME = "$(TARGET_NAME)";
				SWIFT_VERSION = 5.0;
				TARGETED_DEVICE_FAMILY = "1,2";
				TEST_TARGET_NAME = calculator;
			};
			name = Release;
		};
/* End XCBuildConfiguration section */

/* Begin XCConfigurationList section */
		11343A4E23974FA00005BF17 /* Build configuration list for PBXProject "calculator" */ = {
			isa = XCConfigurationList;
			buildConfigurations = (
				11343A7B23974FA20005BF17 /* Debug */,
				11343A7C23974FA20005BF17 /* Release */,
			);
			defaultConfigurationIsVisible = 0;
			defaultConfigurationName = Release;
		};
		11343A7D23974FA20005BF17 /* Build configuration list for PBXNativeTarget "calculator" */ = {
			isa = XCConfigurationList;
			buildConfigurations = (
				11343A7E23974FA20005BF17 /* Debug */,
				11343A7F23974FA20005BF17 /* Release */,
			);
			defaultConfigurationIsVisible = 0;
			defaultConfigurationName = Release;
		};
		11343A8023974FA20005BF17 /* Build configuration list for PBXNativeTarget "calculatorTests" */ = {
			isa = XCConfigurationList;
			buildConfigurations = (
				11343A8123974FA20005BF17 /* Debug */,
				11343A8223974FA20005BF17 /* Release */,
			);
			defaultConfigurationIsVisible = 0;
			defaultConfigurationName = Release;
		};
		11343A8323974FA20005BF17 /* Build configuration list for PBXNativeTarget "calculatorUITests" */ = {
			isa = XCConfigurationList;
			buildConfigurations = (
				11343A8423974FA20005BF17 /* Debug */,
				11343A8523974FA20005BF17 /* Release */,
			);
			defaultConfigurationIsVisible = 0;
			defaultConfigurationName = Release;
		};
/* End XCConfigurationList section */
	};
	rootObject = 11343A4B23974FA00005BF17 /* Project object */;
}
